
Microsoft Visual Studio Solution File, Format Version 12.00
# Visual Studio Version 17
VisualStudioVersion = 17.0.31903.59
MinimumVisualStudioVersion = 10.0.40219.1
Project("{2150E333-8FDC-42A3-9474-1A3956D46DE8}") = "src", "src", "{BC3475BA-3C09-4323-AC3B-C00062594006}"
EndProject
Project("{9A19103F-16F7-4668-BE54-9A1E7A4F7556}") = "Api", "src\Api\Api.csproj", "{18809331-D3C6-43FB-A687-75EC1CF3BD2B}"
EndProject
Project("{FAE04EC0-301F-11D3-BF4B-00C04F79EFBC}") = "Domain", "src\Domain\Domain.csproj", "{6A63D0E4-250E-47FA-9687-3CCD572FA046}"
EndProject
Project("{9A19103F-16F7-4668-BE54-9A1E7A4F7556}") = "Application", "src\Application\Application.csproj", "{E3A9890E-9B6D-4533-B6B6-D6B11DD8B19D}"
EndProject
Project("{9A19103F-16F7-4668-BE54-9A1E7A4F7556}") = "Infrastructure", "src\Infrastructure\Infrastructure.csproj", "{75C47373-3C39-41F4-915D-3A329BE7E9F2}"
EndProject
Project("{2150E333-8FDC-42A3-9474-1A3956D46DE8}") = "test", "test", "{8D5174C8-4BD3-4C68-9905-ABD7ED641ACB}"
EndProject
Project("{9A19103F-16F7-4668-BE54-9A1E7A4F7556}") = "communication", "src\Communication\communication.csproj", "{BD569190-7123-4B0A-BD91-E5BE9E0CF061}"
EndProject
Project("{9A19103F-16F7-4668-BE54-9A1E7A4F7556}") = "BusinessTests", "test\BusinessTests\BusinessTests.csproj", "{B20EFC9D-B556-4C74-AF1F-393F689A07CC}"
EndProject
Global
	GlobalSection(SolutionConfigurationPlatforms) = preSolution
		Debug|Any CPU = Debug|Any CPU
		Release|Any CPU = Release|Any CPU
	EndGlobalSection
	GlobalSection(ProjectConfigurationPlatforms) = postSolution
		{18809331-D3C6-43FB-A687-75EC1CF3BD2B}.Debug|Any CPU.ActiveCfg = Debug|Any CPU
		{18809331-D3C6-43FB-A687-75EC1CF3BD2B}.Debug|Any CPU.Build.0 = Debug|Any CPU
		{18809331-D3C6-43FB-A687-75EC1CF3BD2B}.Release|Any CPU.ActiveCfg = Release|Any CPU
		{18809331-D3C6-43FB-A687-75EC1CF3BD2B}.Release|Any CPU.Build.0 = Release|Any CPU
		{6A63D0E4-250E-47FA-9687-3CCD572FA046}.Debug|Any CPU.ActiveCfg = Debug|Any CPU
		{6A63D0E4-250E-47FA-9687-3CCD572FA046}.Debug|Any CPU.Build.0 = Debug|Any CPU
		{6A63D0E4-250E-47FA-9687-3CCD572FA046}.Release|Any CPU.ActiveCfg = Release|Any CPU
		{6A63D0E4-250E-47FA-9687-3CCD572FA046}.Release|Any CPU.Build.0 = Release|Any CPU
		{E3A9890E-9B6D-4533-B6B6-D6B11DD8B19D}.Debug|Any CPU.ActiveCfg = Debug|Any CPU
		{E3A9890E-9B6D-4533-B6B6-D6B11DD8B19D}.Debug|Any CPU.Build.0 = Debug|Any CPU
		{E3A9890E-9B6D-4533-B6B6-D6B11DD8B19D}.Release|Any CPU.ActiveCfg = Release|Any CPU
		{E3A9890E-9B6D-4533-B6B6-D6B11DD8B19D}.Release|Any CPU.Build.0 = Release|Any CPU
		{75C47373-3C39-41F4-915D-3A329BE7E9F2}.Debug|Any CPU.ActiveCfg = Debug|Any CPU
		{75C47373-3C39-41F4-915D-3A329BE7E9F2}.Debug|Any CPU.Build.0 = Debug|Any CPU
		{75C47373-3C39-41F4-915D-3A329BE7E9F2}.Release|Any CPU.ActiveCfg = Release|Any CPU
		{75C47373-3C39-41F4-915D-3A329BE7E9F2}.Release|Any CPU.Build.0 = Release|Any CPU
		{BD569190-7123-4B0A-BD91-E5BE9E0CF061}.Debug|Any CPU.ActiveCfg = Debug|Any CPU
		{BD569190-7123-4B0A-BD91-E5BE9E0CF061}.Debug|Any CPU.Build.0 = Debug|Any CPU
		{BD569190-7123-4B0A-BD91-E5BE9E0CF061}.Release|Any CPU.ActiveCfg = Release|Any CPU
		{BD569190-7123-4B0A-BD91-E5BE9E0CF061}.Release|Any CPU.Build.0 = Release|Any CPU
		{B20EFC9D-B556-4C74-AF1F-393F689A07CC}.Debug|Any CPU.ActiveCfg = Debug|Any CPU
		{B20EFC9D-B556-4C74-AF1F-393F689A07CC}.Debug|Any CPU.Build.0 = Debug|Any CPU
		{B20EFC9D-B556-4C74-AF1F-393F689A07CC}.Release|Any CPU.ActiveCfg = Release|Any CPU
		{B20EFC9D-B556-4C74-AF1F-393F689A07CC}.Release|Any CPU.Build.0 = Release|Any CPU
	EndGlobalSection
	GlobalSection(SolutionProperties) = preSolution
		HideSolutionNode = FALSE
	EndGlobalSection
	GlobalSection(NestedProjects) = preSolution
		{18809331-D3C6-43FB-A687-75EC1CF3BD2B} = {BC3475BA-3C09-4323-AC3B-C00062594006}
		{6A63D0E4-250E-47FA-9687-3CCD572FA046} = {BC3475BA-3C09-4323-AC3B-C00062594006}
		{E3A9890E-9B6D-4533-B6B6-D6B11DD8B19D} = {BC3475BA-3C09-4323-AC3B-C00062594006}
		{75C47373-3C39-41F4-915D-3A329BE7E9F2} = {BC3475BA-3C09-4323-AC3B-C00062594006}
		{BD569190-7123-4B0A-BD91-E5BE9E0CF061} = {BC3475BA-3C09-4323-AC3B-C00062594006}
		{B20EFC9D-B556-4C74-AF1F-393F689A07CC} = {8D5174C8-4BD3-4C68-9905-ABD7ED641ACB}
	EndGlobalSection
	GlobalSection(ExtensibilityGlobals) = postSolution
		SolutionGuid = {14F0E4CC-8E5E-4BEA-92E9-E33CBA9247BB}
	EndGlobalSection
EndGlobal
